
Microsoft Visual Studio Solution File, Format Version 12.00
# Visual Studio Version 17
VisualStudioVersion = 17.7.34031.279
MinimumVisualStudioVersion = 10.0.40219.1
Project("{2150E333-8FDC-42A3-9474-1A3956D46DE8}") = "Code", "Code", "{A77B83A7-E70B-4A2A-B772-0553D3104B98}"
EndProject
Project("{9A19103F-16F7-4668-BE54-9A1E7A4F7556}") = "IRC.Data", "Code\IRC\Data\IRC.Data.csproj", "{797E5EEE-0F44-44F6-B02B-A995C85F632D}"
EndProject
Project("{9A19103F-16F7-4668-BE54-9A1E7A4F7556}") = "IRC.ModuleInterfaces", "Code\IRC\ModuleInterfaces\IRC.ModuleInterfaces.csproj", "{7E6619B6-2632-442F-A1B9-8F890D388472}"
EndProject
Project("{2150E333-8FDC-42A3-9474-1A3956D46DE8}") = "IRC", "IRC", "{401C8120-3941-4D76-8D22-9AB5D2F26310}"
EndProject
Project("{2150E333-8FDC-42A3-9474-1A3956D46DE8}") = "Platform", "Platform", "{6366411D-8149-4194-A70F-D59843065948}"
EndProject
Project("{9A19103F-16F7-4668-BE54-9A1E7A4F7556}") = "Platform.Common", "Code\Platform\Common\Platform.Common.csproj", "{3C22A5CA-47F2-4AD1-883C-B09F540DAB4F}"
EndProject
Project("{9A19103F-16F7-4668-BE54-9A1E7A4F7556}") = "Platform.Data", "Code\Platform\Data\Platform.Data.csproj", "{965E7839-ACC8-4112-9D26-48BDA18D090C}"
EndProject
Project("{2150E333-8FDC-42A3-9474-1A3956D46DE8}") = "Solution Items", "Solution Items", "{83CD12F6-A7B3-4A04-A74E-08C44D2768BF}"
	ProjectSection(SolutionItems) = preProject
		.editorconfig = .editorconfig
		Code\Util.Exceptions\.editorconfig = Code\Util.Exceptions\.editorconfig
		JSON Data\Defaults\bnc.json = JSON Data\Defaults\bnc.json
		JSON Data\Schemas\bouncer.schema.json = JSON Data\Schemas\bouncer.schema.json
		JSON Data\LICENSE = JSON Data\LICENSE
		JSON Data\Schemas\network-def-predefined.schema.json = JSON Data\Schemas\network-def-predefined.schema.json
		JSON Data\Schemas\network-def-user.schema.json = JSON Data\Schemas\network-def-user.schema.json
		JSON Data\Defaults\Network-def.json = JSON Data\Defaults\Network-def.json
		JSON Data\README.md = JSON Data\README.md
		JSON Data\Schemas\readme.md = JSON Data\Schemas\readme.md
		SampleSpaceConversation.txt = SampleSpaceConversation.txt
	EndProjectSection
EndProject
Project("{9A19103F-16F7-4668-BE54-9A1E7A4F7556}") = "Best Chat.GUI", "Code\Best Chat.GUI\Best Chat.GUI.csproj", "{AE6D129A-78F6-49F3-BDED-BED7DAF7973F}"
EndProject
Project("{9A19103F-16F7-4668-BE54-9A1E7A4F7556}") = "BestChat.GUI.Ctrls", "Code\Ctrls\BestChat.GUI.Ctrls.csproj", "{AE224F3E-CADB-4736-B11A-B8517FEAE373}"
EndProject
Project("{9A19103F-16F7-4668-BE54-9A1E7A4F7556}") = "Util", "Code\Platform\Util\Util.csproj", "{E3C1562E-3919-4F07-B9C5-85867B4C8930}"
EndProject
Project("{9A19103F-16F7-4668-BE54-9A1E7A4F7556}") = "Util.Collections", "Code\Platform\Util.Collections\Util.Collections.csproj", "{4492EC2C-0538-4FEC-B3EA-EF735EE25873}"
EndProject
Project("{9A19103F-16F7-4668-BE54-9A1E7A4F7556}") = "Util.Exceptions", "Code\Platform\Util.Exceptions\Util.Exceptions.csproj", "{C85E7C8B-EB01-489B-BEE0-CE20E2269826}"
EndProject
Project("{9A19103F-16F7-4668-BE54-9A1E7A4F7556}") = "Util.Ext", "Code\Platform\Util.Ext\Util.Ext.csproj", "{139CD68D-13F1-4C68-8C92-064E5A6EA324}"
EndProject
Project("{9A19103F-16F7-4668-BE54-9A1E7A4F7556}") = "Util.Ext.WPF", "Code\Platform\Util.Ext.WPF\Util.Ext.WPF.csproj", "{85870805-3043-4781-89A6-5D6A6501ED33}"
EndProject
Project("{9A19103F-16F7-4668-BE54-9A1E7A4F7556}") = "IRC.Global.View", "Code\IRC\Global\View\IRC.Global.View.csproj", "{979AB51F-7979-4488-BFB2-33CA9247F7F6}"
EndProject
Project("{9A19103F-16F7-4668-BE54-9A1E7A4F7556}") = "Platform.HttpClientOwner", "Code\Platform\Platform.HttpClientOwner\Platform.HttpClientOwner.csproj", "{EDB4A358-B951-4F05-B0F7-0C14C9A1BD0A}"
EndProject
Project("{9A19103F-16F7-4668-BE54-9A1E7A4F7556}") = "IRC.Global.View.Ctrls", "Code\IRC\Global\IRC.Global.View.Ctrls\IRC.Global.View.Ctrls.csproj", "{51F3B7F8-8DAB-49A2-A3F9-C84277904CBC}"
EndProject
Project("{9A19103F-16F7-4668-BE54-9A1E7A4F7556}") = "Platform.DataLoc", "Code\Platform\Platform.DataLoc\Platform.DataLoc.csproj", "{A6F6AEF0-8DE2-4527-AE5F-745BC8AEE2A5}"
EndProject
Project("{9A19103F-16F7-4668-BE54-9A1E7A4F7556}") = "BestChat.Prefs.Data", "Code\BestChat.Prefs.Data\BestChat.Prefs.Data.csproj", "{C99AED3E-8BA9-4C0F-AF9A-66A375D7001C}"
EndProject
Project("{9A19103F-16F7-4668-BE54-9A1E7A4F7556}") = "BestChat.Prefs.Ctrls", "Code\BestChat.Prefs.Ctrls\BestChat.Prefs.Ctrls.csproj", "{5ECED55F-D224-484B-9481-1024727C7A18}"
EndProject
Project("{9A19103F-16F7-4668-BE54-9A1E7A4F7556}") = "Platform.Conversations", "Code\Platform\Platform.Conversations\Platform.Conversations.csproj", "{4BE65AC1-D7AE-4A0F-8B07-469EF2E7A9C4}"
EndProject
Project("{9A19103F-16F7-4668-BE54-9A1E7A4F7556}") = "Platform.Prefs.Data", "Code\Platform\Prefs\Platform.Prefs.Data\Platform.Prefs.Data.csproj", "{0CBD590D-895C-4CBE-9AD8-90C76F270104}"
EndProject
Project("{9A19103F-16F7-4668-BE54-9A1E7A4F7556}") = "Platform.Prefs.Ctrls", "Code\Platform\Prefs\Platform.Prefs.Ctrls\Platform.Prefs.Ctrls.csproj", "{D1CB9819-6555-4837-88E0-260DF96A3AC5}"
EndProject
Project("{FAE04EC0-301F-11D3-BF4B-00C04F79EFBC}") = "Platform.TreeData", "Platform.TreeData\Platform.TreeData.csproj", "{39338094-D1AD-4C82-A6A0-6C17317F55D9}"
EndProject
Global
	GlobalSection(SolutionConfigurationPlatforms) = preSolution
		Debug|Any CPU = Debug|Any CPU
		Debug|x64 = Debug|x64
		Debug|x86 = Debug|x86
		Release|Any CPU = Release|Any CPU
		Release|x64 = Release|x64
		Release|x86 = Release|x86
	EndGlobalSection
	GlobalSection(ProjectConfigurationPlatforms) = postSolution
		{797E5EEE-0F44-44F6-B02B-A995C85F632D}.Debug|Any CPU.ActiveCfg = Debug|Any CPU
		{797E5EEE-0F44-44F6-B02B-A995C85F632D}.Debug|Any CPU.Build.0 = Debug|Any CPU
		{797E5EEE-0F44-44F6-B02B-A995C85F632D}.Debug|x64.ActiveCfg = Debug|Any CPU
		{797E5EEE-0F44-44F6-B02B-A995C85F632D}.Debug|x64.Build.0 = Debug|Any CPU
		{797E5EEE-0F44-44F6-B02B-A995C85F632D}.Debug|x86.ActiveCfg = Debug|Any CPU
		{797E5EEE-0F44-44F6-B02B-A995C85F632D}.Debug|x86.Build.0 = Debug|Any CPU
		{797E5EEE-0F44-44F6-B02B-A995C85F632D}.Release|Any CPU.ActiveCfg = Release|Any CPU
		{797E5EEE-0F44-44F6-B02B-A995C85F632D}.Release|Any CPU.Build.0 = Release|Any CPU
		{797E5EEE-0F44-44F6-B02B-A995C85F632D}.Release|x64.ActiveCfg = Release|Any CPU
		{797E5EEE-0F44-44F6-B02B-A995C85F632D}.Release|x64.Build.0 = Release|Any CPU
		{797E5EEE-0F44-44F6-B02B-A995C85F632D}.Release|x86.ActiveCfg = Release|Any CPU
		{797E5EEE-0F44-44F6-B02B-A995C85F632D}.Release|x86.Build.0 = Release|Any CPU
		{7E6619B6-2632-442F-A1B9-8F890D388472}.Debug|Any CPU.ActiveCfg = Debug|Any CPU
		{7E6619B6-2632-442F-A1B9-8F890D388472}.Debug|Any CPU.Build.0 = Debug|Any CPU
		{7E6619B6-2632-442F-A1B9-8F890D388472}.Debug|x64.ActiveCfg = Debug|Any CPU
		{7E6619B6-2632-442F-A1B9-8F890D388472}.Debug|x64.Build.0 = Debug|Any CPU
		{7E6619B6-2632-442F-A1B9-8F890D388472}.Debug|x86.ActiveCfg = Debug|Any CPU
		{7E6619B6-2632-442F-A1B9-8F890D388472}.Debug|x86.Build.0 = Debug|Any CPU
		{7E6619B6-2632-442F-A1B9-8F890D388472}.Release|Any CPU.ActiveCfg = Release|Any CPU
		{7E6619B6-2632-442F-A1B9-8F890D388472}.Release|Any CPU.Build.0 = Release|Any CPU
		{7E6619B6-2632-442F-A1B9-8F890D388472}.Release|x64.ActiveCfg = Release|Any CPU
		{7E6619B6-2632-442F-A1B9-8F890D388472}.Release|x64.Build.0 = Release|Any CPU
		{7E6619B6-2632-442F-A1B9-8F890D388472}.Release|x86.ActiveCfg = Release|Any CPU
		{7E6619B6-2632-442F-A1B9-8F890D388472}.Release|x86.Build.0 = Release|Any CPU
		{3C22A5CA-47F2-4AD1-883C-B09F540DAB4F}.Debug|Any CPU.ActiveCfg = Debug|Any CPU
		{3C22A5CA-47F2-4AD1-883C-B09F540DAB4F}.Debug|Any CPU.Build.0 = Debug|Any CPU
		{3C22A5CA-47F2-4AD1-883C-B09F540DAB4F}.Debug|x64.ActiveCfg = Debug|Any CPU
		{3C22A5CA-47F2-4AD1-883C-B09F540DAB4F}.Debug|x64.Build.0 = Debug|Any CPU
		{3C22A5CA-47F2-4AD1-883C-B09F540DAB4F}.Debug|x86.ActiveCfg = Debug|Any CPU
		{3C22A5CA-47F2-4AD1-883C-B09F540DAB4F}.Debug|x86.Build.0 = Debug|Any CPU
		{3C22A5CA-47F2-4AD1-883C-B09F540DAB4F}.Release|Any CPU.ActiveCfg = Release|Any CPU
		{3C22A5CA-47F2-4AD1-883C-B09F540DAB4F}.Release|Any CPU.Build.0 = Release|Any CPU
		{3C22A5CA-47F2-4AD1-883C-B09F540DAB4F}.Release|x64.ActiveCfg = Release|Any CPU
		{3C22A5CA-47F2-4AD1-883C-B09F540DAB4F}.Release|x64.Build.0 = Release|Any CPU
		{3C22A5CA-47F2-4AD1-883C-B09F540DAB4F}.Release|x86.ActiveCfg = Release|Any CPU
		{3C22A5CA-47F2-4AD1-883C-B09F540DAB4F}.Release|x86.Build.0 = Release|Any CPU
		{965E7839-ACC8-4112-9D26-48BDA18D090C}.Debug|Any CPU.ActiveCfg = Debug|Any CPU
		{965E7839-ACC8-4112-9D26-48BDA18D090C}.Debug|Any CPU.Build.0 = Debug|Any CPU
		{965E7839-ACC8-4112-9D26-48BDA18D090C}.Debug|x64.ActiveCfg = Debug|Any CPU
		{965E7839-ACC8-4112-9D26-48BDA18D090C}.Debug|x64.Build.0 = Debug|Any CPU
		{965E7839-ACC8-4112-9D26-48BDA18D090C}.Debug|x86.ActiveCfg = Debug|Any CPU
		{965E7839-ACC8-4112-9D26-48BDA18D090C}.Debug|x86.Build.0 = Debug|Any CPU
		{965E7839-ACC8-4112-9D26-48BDA18D090C}.Release|Any CPU.ActiveCfg = Release|Any CPU
		{965E7839-ACC8-4112-9D26-48BDA18D090C}.Release|Any CPU.Build.0 = Release|Any CPU
		{965E7839-ACC8-4112-9D26-48BDA18D090C}.Release|x64.ActiveCfg = Release|Any CPU
		{965E7839-ACC8-4112-9D26-48BDA18D090C}.Release|x64.Build.0 = Release|Any CPU
		{965E7839-ACC8-4112-9D26-48BDA18D090C}.Release|x86.ActiveCfg = Release|Any CPU
		{965E7839-ACC8-4112-9D26-48BDA18D090C}.Release|x86.Build.0 = Release|Any CPU
		{AE6D129A-78F6-49F3-BDED-BED7DAF7973F}.Debug|Any CPU.ActiveCfg = Debug|Any CPU
		{AE6D129A-78F6-49F3-BDED-BED7DAF7973F}.Debug|Any CPU.Build.0 = Debug|Any CPU
		{AE6D129A-78F6-49F3-BDED-BED7DAF7973F}.Debug|x64.ActiveCfg = Debug|Any CPU
		{AE6D129A-78F6-49F3-BDED-BED7DAF7973F}.Debug|x64.Build.0 = Debug|Any CPU
		{AE6D129A-78F6-49F3-BDED-BED7DAF7973F}.Debug|x86.ActiveCfg = Debug|Any CPU
		{AE6D129A-78F6-49F3-BDED-BED7DAF7973F}.Debug|x86.Build.0 = Debug|Any CPU
		{AE6D129A-78F6-49F3-BDED-BED7DAF7973F}.Release|Any CPU.ActiveCfg = Release|Any CPU
		{AE6D129A-78F6-49F3-BDED-BED7DAF7973F}.Release|Any CPU.Build.0 = Release|Any CPU
		{AE6D129A-78F6-49F3-BDED-BED7DAF7973F}.Release|x64.ActiveCfg = Release|Any CPU
		{AE6D129A-78F6-49F3-BDED-BED7DAF7973F}.Release|x64.Build.0 = Release|Any CPU
		{AE6D129A-78F6-49F3-BDED-BED7DAF7973F}.Release|x86.ActiveCfg = Release|Any CPU
		{AE6D129A-78F6-49F3-BDED-BED7DAF7973F}.Release|x86.Build.0 = Release|Any CPU
		{AE224F3E-CADB-4736-B11A-B8517FEAE373}.Debug|Any CPU.ActiveCfg = Debug|Any CPU
		{AE224F3E-CADB-4736-B11A-B8517FEAE373}.Debug|Any CPU.Build.0 = Debug|Any CPU
		{AE224F3E-CADB-4736-B11A-B8517FEAE373}.Debug|x64.ActiveCfg = Debug|Any CPU
		{AE224F3E-CADB-4736-B11A-B8517FEAE373}.Debug|x64.Build.0 = Debug|Any CPU
		{AE224F3E-CADB-4736-B11A-B8517FEAE373}.Debug|x86.ActiveCfg = Debug|Any CPU
		{AE224F3E-CADB-4736-B11A-B8517FEAE373}.Debug|x86.Build.0 = Debug|Any CPU
		{AE224F3E-CADB-4736-B11A-B8517FEAE373}.Release|Any CPU.ActiveCfg = Release|Any CPU
		{AE224F3E-CADB-4736-B11A-B8517FEAE373}.Release|Any CPU.Build.0 = Release|Any CPU
		{AE224F3E-CADB-4736-B11A-B8517FEAE373}.Release|x64.ActiveCfg = Release|Any CPU
		{AE224F3E-CADB-4736-B11A-B8517FEAE373}.Release|x64.Build.0 = Release|Any CPU
		{AE224F3E-CADB-4736-B11A-B8517FEAE373}.Release|x86.ActiveCfg = Release|Any CPU
		{AE224F3E-CADB-4736-B11A-B8517FEAE373}.Release|x86.Build.0 = Release|Any CPU
		{E3C1562E-3919-4F07-B9C5-85867B4C8930}.Debug|Any CPU.ActiveCfg = Debug|Any CPU
		{E3C1562E-3919-4F07-B9C5-85867B4C8930}.Debug|Any CPU.Build.0 = Debug|Any CPU
		{E3C1562E-3919-4F07-B9C5-85867B4C8930}.Debug|x64.ActiveCfg = Debug|Any CPU
		{E3C1562E-3919-4F07-B9C5-85867B4C8930}.Debug|x64.Build.0 = Debug|Any CPU
		{E3C1562E-3919-4F07-B9C5-85867B4C8930}.Debug|x86.ActiveCfg = Debug|Any CPU
		{E3C1562E-3919-4F07-B9C5-85867B4C8930}.Debug|x86.Build.0 = Debug|Any CPU
		{E3C1562E-3919-4F07-B9C5-85867B4C8930}.Release|Any CPU.ActiveCfg = Release|Any CPU
		{E3C1562E-3919-4F07-B9C5-85867B4C8930}.Release|Any CPU.Build.0 = Release|Any CPU
		{E3C1562E-3919-4F07-B9C5-85867B4C8930}.Release|x64.ActiveCfg = Release|Any CPU
		{E3C1562E-3919-4F07-B9C5-85867B4C8930}.Release|x64.Build.0 = Release|Any CPU
		{E3C1562E-3919-4F07-B9C5-85867B4C8930}.Release|x86.ActiveCfg = Release|Any CPU
		{E3C1562E-3919-4F07-B9C5-85867B4C8930}.Release|x86.Build.0 = Release|Any CPU
		{4492EC2C-0538-4FEC-B3EA-EF735EE25873}.Debug|Any CPU.ActiveCfg = Debug|Any CPU
		{4492EC2C-0538-4FEC-B3EA-EF735EE25873}.Debug|Any CPU.Build.0 = Debug|Any CPU
		{4492EC2C-0538-4FEC-B3EA-EF735EE25873}.Debug|x64.ActiveCfg = Debug|Any CPU
		{4492EC2C-0538-4FEC-B3EA-EF735EE25873}.Debug|x64.Build.0 = Debug|Any CPU
		{4492EC2C-0538-4FEC-B3EA-EF735EE25873}.Debug|x86.ActiveCfg = Debug|Any CPU
		{4492EC2C-0538-4FEC-B3EA-EF735EE25873}.Debug|x86.Build.0 = Debug|Any CPU
		{4492EC2C-0538-4FEC-B3EA-EF735EE25873}.Release|Any CPU.ActiveCfg = Release|Any CPU
		{4492EC2C-0538-4FEC-B3EA-EF735EE25873}.Release|Any CPU.Build.0 = Release|Any CPU
		{4492EC2C-0538-4FEC-B3EA-EF735EE25873}.Release|x64.ActiveCfg = Release|Any CPU
		{4492EC2C-0538-4FEC-B3EA-EF735EE25873}.Release|x64.Build.0 = Release|Any CPU
		{4492EC2C-0538-4FEC-B3EA-EF735EE25873}.Release|x86.ActiveCfg = Release|Any CPU
		{4492EC2C-0538-4FEC-B3EA-EF735EE25873}.Release|x86.Build.0 = Release|Any CPU
		{C85E7C8B-EB01-489B-BEE0-CE20E2269826}.Debug|Any CPU.ActiveCfg = Debug|Any CPU
		{C85E7C8B-EB01-489B-BEE0-CE20E2269826}.Debug|Any CPU.Build.0 = Debug|Any CPU
		{C85E7C8B-EB01-489B-BEE0-CE20E2269826}.Debug|x64.ActiveCfg = Debug|Any CPU
		{C85E7C8B-EB01-489B-BEE0-CE20E2269826}.Debug|x64.Build.0 = Debug|Any CPU
		{C85E7C8B-EB01-489B-BEE0-CE20E2269826}.Debug|x86.ActiveCfg = Debug|Any CPU
		{C85E7C8B-EB01-489B-BEE0-CE20E2269826}.Debug|x86.Build.0 = Debug|Any CPU
		{C85E7C8B-EB01-489B-BEE0-CE20E2269826}.Release|Any CPU.ActiveCfg = Release|Any CPU
		{C85E7C8B-EB01-489B-BEE0-CE20E2269826}.Release|Any CPU.Build.0 = Release|Any CPU
		{C85E7C8B-EB01-489B-BEE0-CE20E2269826}.Release|x64.ActiveCfg = Release|Any CPU
		{C85E7C8B-EB01-489B-BEE0-CE20E2269826}.Release|x64.Build.0 = Release|Any CPU
		{C85E7C8B-EB01-489B-BEE0-CE20E2269826}.Release|x86.ActiveCfg = Release|Any CPU
		{C85E7C8B-EB01-489B-BEE0-CE20E2269826}.Release|x86.Build.0 = Release|Any CPU
		{139CD68D-13F1-4C68-8C92-064E5A6EA324}.Debug|Any CPU.ActiveCfg = Debug|Any CPU
		{139CD68D-13F1-4C68-8C92-064E5A6EA324}.Debug|Any CPU.Build.0 = Debug|Any CPU
		{139CD68D-13F1-4C68-8C92-064E5A6EA324}.Debug|x64.ActiveCfg = Debug|Any CPU
		{139CD68D-13F1-4C68-8C92-064E5A6EA324}.Debug|x64.Build.0 = Debug|Any CPU
		{139CD68D-13F1-4C68-8C92-064E5A6EA324}.Debug|x86.ActiveCfg = Debug|Any CPU
		{139CD68D-13F1-4C68-8C92-064E5A6EA324}.Debug|x86.Build.0 = Debug|Any CPU
		{139CD68D-13F1-4C68-8C92-064E5A6EA324}.Release|Any CPU.ActiveCfg = Release|Any CPU
		{139CD68D-13F1-4C68-8C92-064E5A6EA324}.Release|Any CPU.Build.0 = Release|Any CPU
		{139CD68D-13F1-4C68-8C92-064E5A6EA324}.Release|x64.ActiveCfg = Release|Any CPU
		{139CD68D-13F1-4C68-8C92-064E5A6EA324}.Release|x64.Build.0 = Release|Any CPU
		{139CD68D-13F1-4C68-8C92-064E5A6EA324}.Release|x86.ActiveCfg = Release|Any CPU
		{139CD68D-13F1-4C68-8C92-064E5A6EA324}.Release|x86.Build.0 = Release|Any CPU
		{85870805-3043-4781-89A6-5D6A6501ED33}.Debug|Any CPU.ActiveCfg = Debug|Any CPU
		{85870805-3043-4781-89A6-5D6A6501ED33}.Debug|Any CPU.Build.0 = Debug|Any CPU
		{85870805-3043-4781-89A6-5D6A6501ED33}.Debug|x64.ActiveCfg = Debug|Any CPU
		{85870805-3043-4781-89A6-5D6A6501ED33}.Debug|x64.Build.0 = Debug|Any CPU
		{85870805-3043-4781-89A6-5D6A6501ED33}.Debug|x86.ActiveCfg = Debug|Any CPU
		{85870805-3043-4781-89A6-5D6A6501ED33}.Debug|x86.Build.0 = Debug|Any CPU
		{85870805-3043-4781-89A6-5D6A6501ED33}.Release|Any CPU.ActiveCfg = Release|Any CPU
		{85870805-3043-4781-89A6-5D6A6501ED33}.Release|Any CPU.Build.0 = Release|Any CPU
		{85870805-3043-4781-89A6-5D6A6501ED33}.Release|x64.ActiveCfg = Release|Any CPU
		{85870805-3043-4781-89A6-5D6A6501ED33}.Release|x64.Build.0 = Release|Any CPU
		{85870805-3043-4781-89A6-5D6A6501ED33}.Release|x86.ActiveCfg = Release|Any CPU
		{85870805-3043-4781-89A6-5D6A6501ED33}.Release|x86.Build.0 = Release|Any CPU
		{979AB51F-7979-4488-BFB2-33CA9247F7F6}.Debug|Any CPU.ActiveCfg = Debug|Any CPU
		{979AB51F-7979-4488-BFB2-33CA9247F7F6}.Debug|Any CPU.Build.0 = Debug|Any CPU
		{979AB51F-7979-4488-BFB2-33CA9247F7F6}.Debug|x64.ActiveCfg = Debug|Any CPU
		{979AB51F-7979-4488-BFB2-33CA9247F7F6}.Debug|x64.Build.0 = Debug|Any CPU
		{979AB51F-7979-4488-BFB2-33CA9247F7F6}.Debug|x86.ActiveCfg = Debug|Any CPU
		{979AB51F-7979-4488-BFB2-33CA9247F7F6}.Debug|x86.Build.0 = Debug|Any CPU
		{979AB51F-7979-4488-BFB2-33CA9247F7F6}.Release|Any CPU.ActiveCfg = Release|Any CPU
		{979AB51F-7979-4488-BFB2-33CA9247F7F6}.Release|Any CPU.Build.0 = Release|Any CPU
		{979AB51F-7979-4488-BFB2-33CA9247F7F6}.Release|x64.ActiveCfg = Release|Any CPU
		{979AB51F-7979-4488-BFB2-33CA9247F7F6}.Release|x64.Build.0 = Release|Any CPU
		{979AB51F-7979-4488-BFB2-33CA9247F7F6}.Release|x86.ActiveCfg = Release|Any CPU
		{979AB51F-7979-4488-BFB2-33CA9247F7F6}.Release|x86.Build.0 = Release|Any CPU
		{EDB4A358-B951-4F05-B0F7-0C14C9A1BD0A}.Debug|Any CPU.ActiveCfg = Debug|Any CPU
		{EDB4A358-B951-4F05-B0F7-0C14C9A1BD0A}.Debug|Any CPU.Build.0 = Debug|Any CPU
		{EDB4A358-B951-4F05-B0F7-0C14C9A1BD0A}.Debug|x64.ActiveCfg = Debug|Any CPU
		{EDB4A358-B951-4F05-B0F7-0C14C9A1BD0A}.Debug|x64.Build.0 = Debug|Any CPU
		{EDB4A358-B951-4F05-B0F7-0C14C9A1BD0A}.Debug|x86.ActiveCfg = Debug|Any CPU
		{EDB4A358-B951-4F05-B0F7-0C14C9A1BD0A}.Debug|x86.Build.0 = Debug|Any CPU
		{EDB4A358-B951-4F05-B0F7-0C14C9A1BD0A}.Release|Any CPU.ActiveCfg = Release|Any CPU
		{EDB4A358-B951-4F05-B0F7-0C14C9A1BD0A}.Release|Any CPU.Build.0 = Release|Any CPU
		{EDB4A358-B951-4F05-B0F7-0C14C9A1BD0A}.Release|x64.ActiveCfg = Release|Any CPU
		{EDB4A358-B951-4F05-B0F7-0C14C9A1BD0A}.Release|x64.Build.0 = Release|Any CPU
		{EDB4A358-B951-4F05-B0F7-0C14C9A1BD0A}.Release|x86.ActiveCfg = Release|Any CPU
		{EDB4A358-B951-4F05-B0F7-0C14C9A1BD0A}.Release|x86.Build.0 = Release|Any CPU
		{51F3B7F8-8DAB-49A2-A3F9-C84277904CBC}.Debug|Any CPU.ActiveCfg = Debug|Any CPU
		{51F3B7F8-8DAB-49A2-A3F9-C84277904CBC}.Debug|Any CPU.Build.0 = Debug|Any CPU
		{51F3B7F8-8DAB-49A2-A3F9-C84277904CBC}.Debug|x64.ActiveCfg = Debug|Any CPU
		{51F3B7F8-8DAB-49A2-A3F9-C84277904CBC}.Debug|x64.Build.0 = Debug|Any CPU
		{51F3B7F8-8DAB-49A2-A3F9-C84277904CBC}.Debug|x86.ActiveCfg = Debug|Any CPU
		{51F3B7F8-8DAB-49A2-A3F9-C84277904CBC}.Debug|x86.Build.0 = Debug|Any CPU
		{51F3B7F8-8DAB-49A2-A3F9-C84277904CBC}.Release|Any CPU.ActiveCfg = Release|Any CPU
		{51F3B7F8-8DAB-49A2-A3F9-C84277904CBC}.Release|Any CPU.Build.0 = Release|Any CPU
		{51F3B7F8-8DAB-49A2-A3F9-C84277904CBC}.Release|x64.ActiveCfg = Release|Any CPU
		{51F3B7F8-8DAB-49A2-A3F9-C84277904CBC}.Release|x64.Build.0 = Release|Any CPU
		{51F3B7F8-8DAB-49A2-A3F9-C84277904CBC}.Release|x86.ActiveCfg = Release|Any CPU
		{51F3B7F8-8DAB-49A2-A3F9-C84277904CBC}.Release|x86.Build.0 = Release|Any CPU
		{A6F6AEF0-8DE2-4527-AE5F-745BC8AEE2A5}.Debug|Any CPU.ActiveCfg = Debug|Any CPU
		{A6F6AEF0-8DE2-4527-AE5F-745BC8AEE2A5}.Debug|Any CPU.Build.0 = Debug|Any CPU
		{A6F6AEF0-8DE2-4527-AE5F-745BC8AEE2A5}.Debug|x64.ActiveCfg = Debug|Any CPU
		{A6F6AEF0-8DE2-4527-AE5F-745BC8AEE2A5}.Debug|x64.Build.0 = Debug|Any CPU
		{A6F6AEF0-8DE2-4527-AE5F-745BC8AEE2A5}.Debug|x86.ActiveCfg = Debug|Any CPU
		{A6F6AEF0-8DE2-4527-AE5F-745BC8AEE2A5}.Debug|x86.Build.0 = Debug|Any CPU
		{A6F6AEF0-8DE2-4527-AE5F-745BC8AEE2A5}.Release|Any CPU.ActiveCfg = Release|Any CPU
		{A6F6AEF0-8DE2-4527-AE5F-745BC8AEE2A5}.Release|Any CPU.Build.0 = Release|Any CPU
		{A6F6AEF0-8DE2-4527-AE5F-745BC8AEE2A5}.Release|x64.ActiveCfg = Release|Any CPU
		{A6F6AEF0-8DE2-4527-AE5F-745BC8AEE2A5}.Release|x64.Build.0 = Release|Any CPU
		{A6F6AEF0-8DE2-4527-AE5F-745BC8AEE2A5}.Release|x86.ActiveCfg = Release|Any CPU
		{A6F6AEF0-8DE2-4527-AE5F-745BC8AEE2A5}.Release|x86.Build.0 = Release|Any CPU
		{C99AED3E-8BA9-4C0F-AF9A-66A375D7001C}.Debug|Any CPU.ActiveCfg = Debug|Any CPU
		{C99AED3E-8BA9-4C0F-AF9A-66A375D7001C}.Debug|Any CPU.Build.0 = Debug|Any CPU
		{C99AED3E-8BA9-4C0F-AF9A-66A375D7001C}.Debug|x64.ActiveCfg = Debug|Any CPU
		{C99AED3E-8BA9-4C0F-AF9A-66A375D7001C}.Debug|x64.Build.0 = Debug|Any CPU
		{C99AED3E-8BA9-4C0F-AF9A-66A375D7001C}.Debug|x86.ActiveCfg = Debug|Any CPU
		{C99AED3E-8BA9-4C0F-AF9A-66A375D7001C}.Debug|x86.Build.0 = Debug|Any CPU
		{C99AED3E-8BA9-4C0F-AF9A-66A375D7001C}.Release|Any CPU.ActiveCfg = Release|Any CPU
		{C99AED3E-8BA9-4C0F-AF9A-66A375D7001C}.Release|Any CPU.Build.0 = Release|Any CPU
		{C99AED3E-8BA9-4C0F-AF9A-66A375D7001C}.Release|x64.ActiveCfg = Release|Any CPU
		{C99AED3E-8BA9-4C0F-AF9A-66A375D7001C}.Release|x64.Build.0 = Release|Any CPU
		{C99AED3E-8BA9-4C0F-AF9A-66A375D7001C}.Release|x86.ActiveCfg = Release|Any CPU
		{C99AED3E-8BA9-4C0F-AF9A-66A375D7001C}.Release|x86.Build.0 = Release|Any CPU
		{5ECED55F-D224-484B-9481-1024727C7A18}.Debug|Any CPU.ActiveCfg = Debug|Any CPU
		{5ECED55F-D224-484B-9481-1024727C7A18}.Debug|Any CPU.Build.0 = Debug|Any CPU
		{5ECED55F-D224-484B-9481-1024727C7A18}.Debug|x64.ActiveCfg = Debug|Any CPU
		{5ECED55F-D224-484B-9481-1024727C7A18}.Debug|x64.Build.0 = Debug|Any CPU
		{5ECED55F-D224-484B-9481-1024727C7A18}.Debug|x86.ActiveCfg = Debug|Any CPU
		{5ECED55F-D224-484B-9481-1024727C7A18}.Debug|x86.Build.0 = Debug|Any CPU
		{5ECED55F-D224-484B-9481-1024727C7A18}.Release|Any CPU.ActiveCfg = Release|Any CPU
		{5ECED55F-D224-484B-9481-1024727C7A18}.Release|Any CPU.Build.0 = Release|Any CPU
		{5ECED55F-D224-484B-9481-1024727C7A18}.Release|x64.ActiveCfg = Release|Any CPU
		{5ECED55F-D224-484B-9481-1024727C7A18}.Release|x64.Build.0 = Release|Any CPU
		{5ECED55F-D224-484B-9481-1024727C7A18}.Release|x86.ActiveCfg = Release|Any CPU
		{5ECED55F-D224-484B-9481-1024727C7A18}.Release|x86.Build.0 = Release|Any CPU
		{4BE65AC1-D7AE-4A0F-8B07-469EF2E7A9C4}.Debug|Any CPU.ActiveCfg = Debug|Any CPU
		{4BE65AC1-D7AE-4A0F-8B07-469EF2E7A9C4}.Debug|Any CPU.Build.0 = Debug|Any CPU
		{4BE65AC1-D7AE-4A0F-8B07-469EF2E7A9C4}.Debug|x64.ActiveCfg = Debug|Any CPU
		{4BE65AC1-D7AE-4A0F-8B07-469EF2E7A9C4}.Debug|x64.Build.0 = Debug|Any CPU
		{4BE65AC1-D7AE-4A0F-8B07-469EF2E7A9C4}.Debug|x86.ActiveCfg = Debug|Any CPU
		{4BE65AC1-D7AE-4A0F-8B07-469EF2E7A9C4}.Debug|x86.Build.0 = Debug|Any CPU
		{4BE65AC1-D7AE-4A0F-8B07-469EF2E7A9C4}.Release|Any CPU.ActiveCfg = Release|Any CPU
		{4BE65AC1-D7AE-4A0F-8B07-469EF2E7A9C4}.Release|Any CPU.Build.0 = Release|Any CPU
		{4BE65AC1-D7AE-4A0F-8B07-469EF2E7A9C4}.Release|x64.ActiveCfg = Release|Any CPU
		{4BE65AC1-D7AE-4A0F-8B07-469EF2E7A9C4}.Release|x64.Build.0 = Release|Any CPU
		{4BE65AC1-D7AE-4A0F-8B07-469EF2E7A9C4}.Release|x86.ActiveCfg = Release|Any CPU
		{4BE65AC1-D7AE-4A0F-8B07-469EF2E7A9C4}.Release|x86.Build.0 = Release|Any CPU
		{0CBD590D-895C-4CBE-9AD8-90C76F270104}.Debug|Any CPU.ActiveCfg = Debug|Any CPU
		{0CBD590D-895C-4CBE-9AD8-90C76F270104}.Debug|Any CPU.Build.0 = Debug|Any CPU
		{0CBD590D-895C-4CBE-9AD8-90C76F270104}.Debug|x64.ActiveCfg = Debug|Any CPU
		{0CBD590D-895C-4CBE-9AD8-90C76F270104}.Debug|x64.Build.0 = Debug|Any CPU
		{0CBD590D-895C-4CBE-9AD8-90C76F270104}.Debug|x86.ActiveCfg = Debug|Any CPU
		{0CBD590D-895C-4CBE-9AD8-90C76F270104}.Debug|x86.Build.0 = Debug|Any CPU
		{0CBD590D-895C-4CBE-9AD8-90C76F270104}.Release|Any CPU.ActiveCfg = Release|Any CPU
		{0CBD590D-895C-4CBE-9AD8-90C76F270104}.Release|Any CPU.Build.0 = Release|Any CPU
		{0CBD590D-895C-4CBE-9AD8-90C76F270104}.Release|x64.ActiveCfg = Release|Any CPU
		{0CBD590D-895C-4CBE-9AD8-90C76F270104}.Release|x64.Build.0 = Release|Any CPU
		{0CBD590D-895C-4CBE-9AD8-90C76F270104}.Release|x86.ActiveCfg = Release|Any CPU
		{0CBD590D-895C-4CBE-9AD8-90C76F270104}.Release|x86.Build.0 = Release|Any CPU
		{D1CB9819-6555-4837-88E0-260DF96A3AC5}.Debug|Any CPU.ActiveCfg = Debug|Any CPU
		{D1CB9819-6555-4837-88E0-260DF96A3AC5}.Debug|Any CPU.Build.0 = Debug|Any CPU
		{D1CB9819-6555-4837-88E0-260DF96A3AC5}.Debug|x64.ActiveCfg = Debug|Any CPU
		{D1CB9819-6555-4837-88E0-260DF96A3AC5}.Debug|x64.Build.0 = Debug|Any CPU
		{D1CB9819-6555-4837-88E0-260DF96A3AC5}.Debug|x86.ActiveCfg = Debug|Any CPU
		{D1CB9819-6555-4837-88E0-260DF96A3AC5}.Debug|x86.Build.0 = Debug|Any CPU
		{D1CB9819-6555-4837-88E0-260DF96A3AC5}.Release|Any CPU.ActiveCfg = Release|Any CPU
		{D1CB9819-6555-4837-88E0-260DF96A3AC5}.Release|Any CPU.Build.0 = Release|Any CPU
		{D1CB9819-6555-4837-88E0-260DF96A3AC5}.Release|x64.ActiveCfg = Release|Any CPU
		{D1CB9819-6555-4837-88E0-260DF96A3AC5}.Release|x64.Build.0 = Release|Any CPU
		{D1CB9819-6555-4837-88E0-260DF96A3AC5}.Release|x86.ActiveCfg = Release|Any CPU
		{D1CB9819-6555-4837-88E0-260DF96A3AC5}.Release|x86.Build.0 = Release|Any CPU
		{39338094-D1AD-4C82-A6A0-6C17317F55D9}.Debug|Any CPU.ActiveCfg = Debug|Any CPU
		{39338094-D1AD-4C82-A6A0-6C17317F55D9}.Debug|Any CPU.Build.0 = Debug|Any CPU
		{39338094-D1AD-4C82-A6A0-6C17317F55D9}.Debug|x64.ActiveCfg = Debug|Any CPU
		{39338094-D1AD-4C82-A6A0-6C17317F55D9}.Debug|x64.Build.0 = Debug|Any CPU
		{39338094-D1AD-4C82-A6A0-6C17317F55D9}.Debug|x86.ActiveCfg = Debug|Any CPU
		{39338094-D1AD-4C82-A6A0-6C17317F55D9}.Debug|x86.Build.0 = Debug|Any CPU
		{39338094-D1AD-4C82-A6A0-6C17317F55D9}.Release|Any CPU.ActiveCfg = Release|Any CPU
		{39338094-D1AD-4C82-A6A0-6C17317F55D9}.Release|Any CPU.Build.0 = Release|Any CPU
		{39338094-D1AD-4C82-A6A0-6C17317F55D9}.Release|x64.ActiveCfg = Release|Any CPU
		{39338094-D1AD-4C82-A6A0-6C17317F55D9}.Release|x64.Build.0 = Release|Any CPU
		{39338094-D1AD-4C82-A6A0-6C17317F55D9}.Release|x86.ActiveCfg = Release|Any CPU
		{39338094-D1AD-4C82-A6A0-6C17317F55D9}.Release|x86.Build.0 = Release|Any CPU
	EndGlobalSection
	GlobalSection(SolutionProperties) = preSolution
		HideSolutionNode = FALSE
	EndGlobalSection
	GlobalSection(NestedProjects) = preSolution
		{797E5EEE-0F44-44F6-B02B-A995C85F632D} = {401C8120-3941-4D76-8D22-9AB5D2F26310}
		{7E6619B6-2632-442F-A1B9-8F890D388472} = {401C8120-3941-4D76-8D22-9AB5D2F26310}
		{401C8120-3941-4D76-8D22-9AB5D2F26310} = {A77B83A7-E70B-4A2A-B772-0553D3104B98}
		{6366411D-8149-4194-A70F-D59843065948} = {A77B83A7-E70B-4A2A-B772-0553D3104B98}
		{3C22A5CA-47F2-4AD1-883C-B09F540DAB4F} = {6366411D-8149-4194-A70F-D59843065948}
		{965E7839-ACC8-4112-9D26-48BDA18D090C} = {6366411D-8149-4194-A70F-D59843065948}
		{AE6D129A-78F6-49F3-BDED-BED7DAF7973F} = {A77B83A7-E70B-4A2A-B772-0553D3104B98}
		{AE224F3E-CADB-4736-B11A-B8517FEAE373} = {A77B83A7-E70B-4A2A-B772-0553D3104B98}
		{E3C1562E-3919-4F07-B9C5-85867B4C8930} = {6366411D-8149-4194-A70F-D59843065948}
		{4492EC2C-0538-4FEC-B3EA-EF735EE25873} = {6366411D-8149-4194-A70F-D59843065948}
		{C85E7C8B-EB01-489B-BEE0-CE20E2269826} = {6366411D-8149-4194-A70F-D59843065948}
		{139CD68D-13F1-4C68-8C92-064E5A6EA324} = {6366411D-8149-4194-A70F-D59843065948}
		{85870805-3043-4781-89A6-5D6A6501ED33} = {6366411D-8149-4194-A70F-D59843065948}
		{979AB51F-7979-4488-BFB2-33CA9247F7F6} = {401C8120-3941-4D76-8D22-9AB5D2F26310}
		{EDB4A358-B951-4F05-B0F7-0C14C9A1BD0A} = {6366411D-8149-4194-A70F-D59843065948}
		{51F3B7F8-8DAB-49A2-A3F9-C84277904CBC} = {401C8120-3941-4D76-8D22-9AB5D2F26310}
		{A6F6AEF0-8DE2-4527-AE5F-745BC8AEE2A5} = {6366411D-8149-4194-A70F-D59843065948}
		{C99AED3E-8BA9-4C0F-AF9A-66A375D7001C} = {A77B83A7-E70B-4A2A-B772-0553D3104B98}
		{5ECED55F-D224-484B-9481-1024727C7A18} = {A77B83A7-E70B-4A2A-B772-0553D3104B98}
		{4BE65AC1-D7AE-4A0F-8B07-469EF2E7A9C4} = {6366411D-8149-4194-A70F-D59843065948}
		{0CBD590D-895C-4CBE-9AD8-90C76F270104} = {6366411D-8149-4194-A70F-D59843065948}
		{D1CB9819-6555-4837-88E0-260DF96A3AC5} = {6366411D-8149-4194-A70F-D59843065948}
		{39338094-D1AD-4C82-A6A0-6C17317F55D9} = {6366411D-8149-4194-A70F-D59843065948}
	EndGlobalSection
	GlobalSection(ExtensibilityGlobals) = postSolution
		SolutionGuid = {FF16F70A-0B81-4A13-AF04-1F5F8764446B}
	EndGlobalSection
EndGlobal
