
Microsoft Visual Studio Solution File, Format Version 12.00
# Visual Studio Version 17
VisualStudioVersion = 17.7.34031.279
MinimumVisualStudioVersion = 10.0.40219.1
Project("{2150E333-8FDC-42A3-9474-1A3956D46DE8}") = "Code", "Code", "{A77B83A7-E70B-4A2A-B772-0553D3104B98}"
EndProject
Project("{9A19103F-16F7-4668-BE54-9A1E7A4F7556}") = "IRC.Data", "Code\IRC\Data\IRC.Data.csproj", "{797E5EEE-0F44-44F6-B02B-A995C85F632D}"
EndProject
Project("{2150E333-8FDC-42A3-9474-1A3956D46DE8}") = "IRC", "IRC", "{401C8120-3941-4D76-8D22-9AB5D2F26310}"
EndProject
Project("{2150E333-8FDC-42A3-9474-1A3956D46DE8}") = "Platform", "Platform", "{6366411D-8149-4194-A70F-D59843065948}"
EndProject
Project("{9A19103F-16F7-4668-BE54-9A1E7A4F7556}") = "Platform.Data", "Code\Platform\Data\Platform.Data.csproj", "{965E7839-ACC8-4112-9D26-48BDA18D090C}"
EndProject
Project("{2150E333-8FDC-42A3-9474-1A3956D46DE8}") = "Solution Items", "Solution Items", "{83CD12F6-A7B3-4A04-A74E-08C44D2768BF}"
	ProjectSection(SolutionItems) = preProject
		.editorconfig = .editorconfig
		Code\Util.Exceptions\.editorconfig = Code\Util.Exceptions\.editorconfig
		JSON Data\Defaults\bnc.json = JSON Data\Defaults\bnc.json
		JSON Data\Schemas\bouncer.schema.json = JSON Data\Schemas\bouncer.schema.json
		JSON Data\LICENSE = JSON Data\LICENSE
		JSON Data\Schemas\network-def-predefined.schema.json = JSON Data\Schemas\network-def-predefined.schema.json
		JSON Data\Schemas\network-def-user.schema.json = JSON Data\Schemas\network-def-user.schema.json
		JSON Data\Defaults\Network-def.json = JSON Data\Defaults\Network-def.json
		JSON Data\README.md = JSON Data\README.md
		JSON Data\Schemas\readme.md = JSON Data\Schemas\readme.md
		JSON Data\Sample Data\Sample ##space log.json = JSON Data\Sample Data\Sample ##space log.json
		JSON Data\Sample Data\Sample #best-chat log.json = JSON Data\Sample Data\Sample #best-chat log.json
		JSON Data\Sample Data\Sample Client log.json = JSON Data\Sample Data\Sample Client log.json
		JSON Data\Sample Data\Sample conversation with Micheal log.json = JSON Data\Sample Data\Sample conversation with Micheal log.json
		JSON Data\Sample Data\Sample conversation with Peter log.json = JSON Data\Sample Data\Sample conversation with Peter log.json
		JSON Data\Sample Data\Sample Libera Log.json = JSON Data\Sample Data\Sample Libera Log.json
	EndProjectSection
EndProject
Project("{9A19103F-16F7-4668-BE54-9A1E7A4F7556}") = "Util", "Code\Platform\Util\Util.csproj", "{E3C1562E-3919-4F07-B9C5-85867B4C8930}"
EndProject
Project("{9A19103F-16F7-4668-BE54-9A1E7A4F7556}") = "Util.Collections", "Code\Platform\Util.Collections\Util.Collections.csproj", "{4492EC2C-0538-4FEC-B3EA-EF735EE25873}"
EndProject
Project("{9A19103F-16F7-4668-BE54-9A1E7A4F7556}") = "Util.Exceptions", "Code\Platform\Util.Exceptions\Util.Exceptions.csproj", "{C85E7C8B-EB01-489B-BEE0-CE20E2269826}"
EndProject
Project("{9A19103F-16F7-4668-BE54-9A1E7A4F7556}") = "Util.Ext.WPF", "Code\Platform\Util.Ext.WPF\Util.Ext.WPF.csproj", "{85870805-3043-4781-89A6-5D6A6501ED33}"
EndProject
Project("{9A19103F-16F7-4668-BE54-9A1E7A4F7556}") = "IRC.Global.View", "Code\IRC\Global\View\IRC.Global.View.csproj", "{979AB51F-7979-4488-BFB2-33CA9247F7F6}"
EndProject
Project("{9A19103F-16F7-4668-BE54-9A1E7A4F7556}") = "Platform.HttpClientOwner", "Code\Platform\Platform.HttpClientOwner\Platform.HttpClientOwner.csproj", "{EDB4A358-B951-4F05-B0F7-0C14C9A1BD0A}"
EndProject
Project("{9A19103F-16F7-4668-BE54-9A1E7A4F7556}") = "Platform.DataLoc", "Code\Platform\Platform.DataLoc\Platform.DataLoc.csproj", "{A6F6AEF0-8DE2-4527-AE5F-745BC8AEE2A5}"
EndProject
Project("{9A19103F-16F7-4668-BE54-9A1E7A4F7556}") = "Platform.Conversations", "Code\Platform\Platform.Conversations\Platform.Conversations.csproj", "{4BE65AC1-D7AE-4A0F-8B07-469EF2E7A9C4}"
	ProjectSection(ProjectDependencies) = postProject
		{0FCB8B35-E9B6-4622-84F4-A30232926F27} = {0FCB8B35-E9B6-4622-84F4-A30232926F27}
	EndProjectSection
EndProject
Project("{9A19103F-16F7-4668-BE54-9A1E7A4F7556}") = "Platform.Prefs.Data", "Code\Platform\Prefs\Platform.Prefs.Data\Platform.Prefs.Data.csproj", "{0CBD590D-895C-4CBE-9AD8-90C76F270104}"
EndProject
Project("{9A19103F-16F7-4668-BE54-9A1E7A4F7556}") = "Platform.Prefs.Ctrls", "Code\Platform\Prefs\Platform.Prefs.Ctrls\Platform.Prefs.Ctrls.csproj", "{D1CB9819-6555-4837-88E0-260DF96A3AC5}"
EndProject
Project("{9A19103F-16F7-4668-BE54-9A1E7A4F7556}") = "BestChat.ProtocolMgr.GUI", "Code\BestChat.ProtocolMgr.GUI\BestChat.ProtocolMgr.GUI.csproj", "{5D88710C-6519-43FB-B532-03407DD7235B}"
EndProject
Project("{9A19103F-16F7-4668-BE54-9A1E7A4F7556}") = "BestChat.ClientConversation", "Code\BestChat.ClientConversation\BestChat.ClientConversation.csproj", "{33603052-4645-4895-B4C4-00544AC9B848}"
	ProjectSection(ProjectDependencies) = postProject
		{797E5EEE-0F44-44F6-B02B-A995C85F632D} = {797E5EEE-0F44-44F6-B02B-A995C85F632D}
	EndProjectSection
EndProject
Project("{9A19103F-16F7-4668-BE54-9A1E7A4F7556}") = "Platform.Conversations.PlaceHolder", "Code\Platform\Platform.Conversations.PlaceHolder\Platform.Conversations.PlaceHolder.csproj", "{634BF613-5195-47E1-BF74-7018F357496E}"
EndProject
Project("{9A19103F-16F7-4668-BE54-9A1E7A4F7556}") = "Platform.TreeData", "Code\Platform\Platform.TreeData\Platform.TreeData.csproj", "{0FCB8B35-E9B6-4622-84F4-A30232926F27}"
EndProject
Project("{9A19103F-16F7-4668-BE54-9A1E7A4F7556}") = "BestChat.Prefs.GUI.Ctrls", "Code\BestChat.Prefs.GUI.Ctrls\BestChat.Prefs.GUI.Ctrls.csproj", "{180FD9BF-3601-445F-9914-ECFACD8EE15B}"
	ProjectSection(ProjectDependencies) = postProject
		{9E459D92-297D-4CC9-B67E-26378833240F} = {9E459D92-297D-4CC9-B67E-26378833240F}
		{FE438FAB-D623-44E2-A811-98954151BC95} = {FE438FAB-D623-44E2-A811-98954151BC95}
	EndProjectSection
EndProject
Project("{9A19103F-16F7-4668-BE54-9A1E7A4F7556}") = "BestChat.Prefs.Data", "Code\BestChat.Prefs.Data\BestChat.Prefs.Data.csproj", "{FE438FAB-D623-44E2-A811-98954151BC95}"
	ProjectSection(ProjectDependencies) = postProject
		{6F822E06-B59D-42A9-87FF-0D00D12A9A62} = {6F822E06-B59D-42A9-87FF-0D00D12A9A62}
		{797E5EEE-0F44-44F6-B02B-A995C85F632D} = {797E5EEE-0F44-44F6-B02B-A995C85F632D}
	EndProjectSection
EndProject
Project("{9A19103F-16F7-4668-BE54-9A1E7A4F7556}") = "BestChat.Prefs.GUI.Pages", "Code\BestChat.Prefs.GUI.Pages\BestChat.Prefs.GUI.Pages.csproj", "{26B63326-C08C-466D-B6DE-77B373A0ADD4}"
	ProjectSection(ProjectDependencies) = postProject
		{180FD9BF-3601-445F-9914-ECFACD8EE15B} = {180FD9BF-3601-445F-9914-ECFACD8EE15B}
	EndProjectSection
EndProject
Project("{9A19103F-16F7-4668-BE54-9A1E7A4F7556}") = "Platform.Common", "Code\Platform\Platform.Common\Platform.Common.csproj", "{3D6A897B-ED4E-4EA6-B998-F86B88B8A68A}"
EndProject
Project("{9A19103F-16F7-4668-BE54-9A1E7A4F7556}") = "BestChat.ProtocolMgr", "Code\BestChat.ProtocolMgr\BestChat.ProtocolMgr.csproj", "{F1AE49DC-0579-45C6-ADC6-6E37FC5980E1}"
EndProject
Project("{9A19103F-16F7-4668-BE54-9A1E7A4F7556}") = "BestChat.ProtocolDef", "Code\BestChat.ProtocolDef\BestChat.ProtocolDef.csproj", "{AABC422E-47F7-4E54-8954-9CE08B0FFDB7}"
EndProject
Project("{9A19103F-16F7-4668-BE54-9A1E7A4F7556}") = "Util.Ext", "Code\Platform\Util.Ext\Util.Ext.csproj", "{3C286382-6040-4450-ADCD-B46B08F40E5D}"
EndProject
Project("{9A19103F-16F7-4668-BE54-9A1E7A4F7556}") = "IRC.ProtocolModule", "Code\IRC\IRC.ProtocolModule\IRC.ProtocolModule.csproj", "{6F822E06-B59D-42A9-87FF-0D00D12A9A62}"
EndProject
Project("{9A19103F-16F7-4668-BE54-9A1E7A4F7556}") = "BestChat.GUI.Ctrls", "Code\BestChat.GUI.Ctrls\BestChat.GUI.Ctrls.csproj", "{9E459D92-297D-4CC9-B67E-26378833240F}"
EndProject
Project("{9A19103F-16F7-4668-BE54-9A1E7A4F7556}") = "BestChat.Deskop", "Code\BestChat.Deskop\BestChat.Deskop.csproj", "{DEE2B570-74AC-4CA5-B9F1-F2F05CCE5724}"
EndProject
Global
	GlobalSection(SolutionConfigurationPlatforms) = preSolution
		Debug|Any CPU = Debug|Any CPU
		Debug|x64 = Debug|x64
		Debug|x86 = Debug|x86
		Release|Any CPU = Release|Any CPU
		Release|x64 = Release|x64
		Release|x86 = Release|x86
	EndGlobalSection
	GlobalSection(ProjectConfigurationPlatforms) = postSolution
		{797E5EEE-0F44-44F6-B02B-A995C85F632D}.Debug|Any CPU.ActiveCfg = Debug|Any CPU
		{797E5EEE-0F44-44F6-B02B-A995C85F632D}.Debug|Any CPU.Build.0 = Debug|Any CPU
		{797E5EEE-0F44-44F6-B02B-A995C85F632D}.Debug|x64.ActiveCfg = Debug|Any CPU
		{797E5EEE-0F44-44F6-B02B-A995C85F632D}.Debug|x64.Build.0 = Debug|Any CPU
		{797E5EEE-0F44-44F6-B02B-A995C85F632D}.Debug|x86.ActiveCfg = Debug|Any CPU
		{797E5EEE-0F44-44F6-B02B-A995C85F632D}.Debug|x86.Build.0 = Debug|Any CPU
		{797E5EEE-0F44-44F6-B02B-A995C85F632D}.Release|Any CPU.ActiveCfg = Release|Any CPU
		{797E5EEE-0F44-44F6-B02B-A995C85F632D}.Release|Any CPU.Build.0 = Release|Any CPU
		{797E5EEE-0F44-44F6-B02B-A995C85F632D}.Release|x64.ActiveCfg = Release|Any CPU
		{797E5EEE-0F44-44F6-B02B-A995C85F632D}.Release|x64.Build.0 = Release|Any CPU
		{797E5EEE-0F44-44F6-B02B-A995C85F632D}.Release|x86.ActiveCfg = Release|Any CPU
		{797E5EEE-0F44-44F6-B02B-A995C85F632D}.Release|x86.Build.0 = Release|Any CPU
		{965E7839-ACC8-4112-9D26-48BDA18D090C}.Debug|Any CPU.ActiveCfg = Debug|Any CPU
		{965E7839-ACC8-4112-9D26-48BDA18D090C}.Debug|Any CPU.Build.0 = Debug|Any CPU
		{965E7839-ACC8-4112-9D26-48BDA18D090C}.Debug|x64.ActiveCfg = Debug|Any CPU
		{965E7839-ACC8-4112-9D26-48BDA18D090C}.Debug|x64.Build.0 = Debug|Any CPU
		{965E7839-ACC8-4112-9D26-48BDA18D090C}.Debug|x86.ActiveCfg = Debug|Any CPU
		{965E7839-ACC8-4112-9D26-48BDA18D090C}.Debug|x86.Build.0 = Debug|Any CPU
		{965E7839-ACC8-4112-9D26-48BDA18D090C}.Release|Any CPU.ActiveCfg = Release|Any CPU
		{965E7839-ACC8-4112-9D26-48BDA18D090C}.Release|Any CPU.Build.0 = Release|Any CPU
		{965E7839-ACC8-4112-9D26-48BDA18D090C}.Release|x64.ActiveCfg = Release|Any CPU
		{965E7839-ACC8-4112-9D26-48BDA18D090C}.Release|x64.Build.0 = Release|Any CPU
		{965E7839-ACC8-4112-9D26-48BDA18D090C}.Release|x86.ActiveCfg = Release|Any CPU
		{965E7839-ACC8-4112-9D26-48BDA18D090C}.Release|x86.Build.0 = Release|Any CPU
		{E3C1562E-3919-4F07-B9C5-85867B4C8930}.Debug|Any CPU.ActiveCfg = Debug|Any CPU
		{E3C1562E-3919-4F07-B9C5-85867B4C8930}.Debug|Any CPU.Build.0 = Debug|Any CPU
		{E3C1562E-3919-4F07-B9C5-85867B4C8930}.Debug|x64.ActiveCfg = Debug|Any CPU
		{E3C1562E-3919-4F07-B9C5-85867B4C8930}.Debug|x64.Build.0 = Debug|Any CPU
		{E3C1562E-3919-4F07-B9C5-85867B4C8930}.Debug|x86.ActiveCfg = Debug|Any CPU
		{E3C1562E-3919-4F07-B9C5-85867B4C8930}.Debug|x86.Build.0 = Debug|Any CPU
		{E3C1562E-3919-4F07-B9C5-85867B4C8930}.Release|Any CPU.ActiveCfg = Release|Any CPU
		{E3C1562E-3919-4F07-B9C5-85867B4C8930}.Release|Any CPU.Build.0 = Release|Any CPU
		{E3C1562E-3919-4F07-B9C5-85867B4C8930}.Release|x64.ActiveCfg = Release|Any CPU
		{E3C1562E-3919-4F07-B9C5-85867B4C8930}.Release|x64.Build.0 = Release|Any CPU
		{E3C1562E-3919-4F07-B9C5-85867B4C8930}.Release|x86.ActiveCfg = Release|Any CPU
		{E3C1562E-3919-4F07-B9C5-85867B4C8930}.Release|x86.Build.0 = Release|Any CPU
		{4492EC2C-0538-4FEC-B3EA-EF735EE25873}.Debug|Any CPU.ActiveCfg = Debug|Any CPU
		{4492EC2C-0538-4FEC-B3EA-EF735EE25873}.Debug|Any CPU.Build.0 = Debug|Any CPU
		{4492EC2C-0538-4FEC-B3EA-EF735EE25873}.Debug|x64.ActiveCfg = Debug|Any CPU
		{4492EC2C-0538-4FEC-B3EA-EF735EE25873}.Debug|x64.Build.0 = Debug|Any CPU
		{4492EC2C-0538-4FEC-B3EA-EF735EE25873}.Debug|x86.ActiveCfg = Debug|Any CPU
		{4492EC2C-0538-4FEC-B3EA-EF735EE25873}.Debug|x86.Build.0 = Debug|Any CPU
		{4492EC2C-0538-4FEC-B3EA-EF735EE25873}.Release|Any CPU.ActiveCfg = Release|Any CPU
		{4492EC2C-0538-4FEC-B3EA-EF735EE25873}.Release|Any CPU.Build.0 = Release|Any CPU
		{4492EC2C-0538-4FEC-B3EA-EF735EE25873}.Release|x64.ActiveCfg = Release|Any CPU
		{4492EC2C-0538-4FEC-B3EA-EF735EE25873}.Release|x64.Build.0 = Release|Any CPU
		{4492EC2C-0538-4FEC-B3EA-EF735EE25873}.Release|x86.ActiveCfg = Release|Any CPU
		{4492EC2C-0538-4FEC-B3EA-EF735EE25873}.Release|x86.Build.0 = Release|Any CPU
		{C85E7C8B-EB01-489B-BEE0-CE20E2269826}.Debug|Any CPU.ActiveCfg = Debug|Any CPU
		{C85E7C8B-EB01-489B-BEE0-CE20E2269826}.Debug|Any CPU.Build.0 = Debug|Any CPU
		{C85E7C8B-EB01-489B-BEE0-CE20E2269826}.Debug|x64.ActiveCfg = Debug|Any CPU
		{C85E7C8B-EB01-489B-BEE0-CE20E2269826}.Debug|x64.Build.0 = Debug|Any CPU
		{C85E7C8B-EB01-489B-BEE0-CE20E2269826}.Debug|x86.ActiveCfg = Debug|Any CPU
		{C85E7C8B-EB01-489B-BEE0-CE20E2269826}.Debug|x86.Build.0 = Debug|Any CPU
		{C85E7C8B-EB01-489B-BEE0-CE20E2269826}.Release|Any CPU.ActiveCfg = Release|Any CPU
		{C85E7C8B-EB01-489B-BEE0-CE20E2269826}.Release|Any CPU.Build.0 = Release|Any CPU
		{C85E7C8B-EB01-489B-BEE0-CE20E2269826}.Release|x64.ActiveCfg = Release|Any CPU
		{C85E7C8B-EB01-489B-BEE0-CE20E2269826}.Release|x64.Build.0 = Release|Any CPU
		{C85E7C8B-EB01-489B-BEE0-CE20E2269826}.Release|x86.ActiveCfg = Release|Any CPU
		{C85E7C8B-EB01-489B-BEE0-CE20E2269826}.Release|x86.Build.0 = Release|Any CPU
		{85870805-3043-4781-89A6-5D6A6501ED33}.Debug|Any CPU.ActiveCfg = Debug|Any CPU
		{85870805-3043-4781-89A6-5D6A6501ED33}.Debug|Any CPU.Build.0 = Debug|Any CPU
		{85870805-3043-4781-89A6-5D6A6501ED33}.Debug|x64.ActiveCfg = Debug|Any CPU
		{85870805-3043-4781-89A6-5D6A6501ED33}.Debug|x64.Build.0 = Debug|Any CPU
		{85870805-3043-4781-89A6-5D6A6501ED33}.Debug|x86.ActiveCfg = Debug|Any CPU
		{85870805-3043-4781-89A6-5D6A6501ED33}.Debug|x86.Build.0 = Debug|Any CPU
		{85870805-3043-4781-89A6-5D6A6501ED33}.Release|Any CPU.ActiveCfg = Release|Any CPU
		{85870805-3043-4781-89A6-5D6A6501ED33}.Release|Any CPU.Build.0 = Release|Any CPU
		{85870805-3043-4781-89A6-5D6A6501ED33}.Release|x64.ActiveCfg = Release|Any CPU
		{85870805-3043-4781-89A6-5D6A6501ED33}.Release|x64.Build.0 = Release|Any CPU
		{85870805-3043-4781-89A6-5D6A6501ED33}.Release|x86.ActiveCfg = Release|Any CPU
		{85870805-3043-4781-89A6-5D6A6501ED33}.Release|x86.Build.0 = Release|Any CPU
		{979AB51F-7979-4488-BFB2-33CA9247F7F6}.Debug|Any CPU.ActiveCfg = Debug|Any CPU
		{979AB51F-7979-4488-BFB2-33CA9247F7F6}.Debug|Any CPU.Build.0 = Debug|Any CPU
		{979AB51F-7979-4488-BFB2-33CA9247F7F6}.Debug|x64.ActiveCfg = Debug|Any CPU
		{979AB51F-7979-4488-BFB2-33CA9247F7F6}.Debug|x64.Build.0 = Debug|Any CPU
		{979AB51F-7979-4488-BFB2-33CA9247F7F6}.Debug|x86.ActiveCfg = Debug|Any CPU
		{979AB51F-7979-4488-BFB2-33CA9247F7F6}.Debug|x86.Build.0 = Debug|Any CPU
		{979AB51F-7979-4488-BFB2-33CA9247F7F6}.Release|Any CPU.ActiveCfg = Release|Any CPU
		{979AB51F-7979-4488-BFB2-33CA9247F7F6}.Release|Any CPU.Build.0 = Release|Any CPU
		{979AB51F-7979-4488-BFB2-33CA9247F7F6}.Release|x64.ActiveCfg = Release|Any CPU
		{979AB51F-7979-4488-BFB2-33CA9247F7F6}.Release|x64.Build.0 = Release|Any CPU
		{979AB51F-7979-4488-BFB2-33CA9247F7F6}.Release|x86.ActiveCfg = Release|Any CPU
		{979AB51F-7979-4488-BFB2-33CA9247F7F6}.Release|x86.Build.0 = Release|Any CPU
		{EDB4A358-B951-4F05-B0F7-0C14C9A1BD0A}.Debug|Any CPU.ActiveCfg = Debug|Any CPU
		{EDB4A358-B951-4F05-B0F7-0C14C9A1BD0A}.Debug|Any CPU.Build.0 = Debug|Any CPU
		{EDB4A358-B951-4F05-B0F7-0C14C9A1BD0A}.Debug|x64.ActiveCfg = Debug|Any CPU
		{EDB4A358-B951-4F05-B0F7-0C14C9A1BD0A}.Debug|x64.Build.0 = Debug|Any CPU
		{EDB4A358-B951-4F05-B0F7-0C14C9A1BD0A}.Debug|x86.ActiveCfg = Debug|Any CPU
		{EDB4A358-B951-4F05-B0F7-0C14C9A1BD0A}.Debug|x86.Build.0 = Debug|Any CPU
		{EDB4A358-B951-4F05-B0F7-0C14C9A1BD0A}.Release|Any CPU.ActiveCfg = Release|Any CPU
		{EDB4A358-B951-4F05-B0F7-0C14C9A1BD0A}.Release|Any CPU.Build.0 = Release|Any CPU
		{EDB4A358-B951-4F05-B0F7-0C14C9A1BD0A}.Release|x64.ActiveCfg = Release|Any CPU
		{EDB4A358-B951-4F05-B0F7-0C14C9A1BD0A}.Release|x64.Build.0 = Release|Any CPU
		{EDB4A358-B951-4F05-B0F7-0C14C9A1BD0A}.Release|x86.ActiveCfg = Release|Any CPU
		{EDB4A358-B951-4F05-B0F7-0C14C9A1BD0A}.Release|x86.Build.0 = Release|Any CPU
		{A6F6AEF0-8DE2-4527-AE5F-745BC8AEE2A5}.Debug|Any CPU.ActiveCfg = Debug|Any CPU
		{A6F6AEF0-8DE2-4527-AE5F-745BC8AEE2A5}.Debug|Any CPU.Build.0 = Debug|Any CPU
		{A6F6AEF0-8DE2-4527-AE5F-745BC8AEE2A5}.Debug|x64.ActiveCfg = Debug|Any CPU
		{A6F6AEF0-8DE2-4527-AE5F-745BC8AEE2A5}.Debug|x64.Build.0 = Debug|Any CPU
		{A6F6AEF0-8DE2-4527-AE5F-745BC8AEE2A5}.Debug|x86.ActiveCfg = Debug|Any CPU
		{A6F6AEF0-8DE2-4527-AE5F-745BC8AEE2A5}.Debug|x86.Build.0 = Debug|Any CPU
		{A6F6AEF0-8DE2-4527-AE5F-745BC8AEE2A5}.Release|Any CPU.ActiveCfg = Release|Any CPU
		{A6F6AEF0-8DE2-4527-AE5F-745BC8AEE2A5}.Release|Any CPU.Build.0 = Release|Any CPU
		{A6F6AEF0-8DE2-4527-AE5F-745BC8AEE2A5}.Release|x64.ActiveCfg = Release|Any CPU
		{A6F6AEF0-8DE2-4527-AE5F-745BC8AEE2A5}.Release|x64.Build.0 = Release|Any CPU
		{A6F6AEF0-8DE2-4527-AE5F-745BC8AEE2A5}.Release|x86.ActiveCfg = Release|Any CPU
		{A6F6AEF0-8DE2-4527-AE5F-745BC8AEE2A5}.Release|x86.Build.0 = Release|Any CPU
		{4BE65AC1-D7AE-4A0F-8B07-469EF2E7A9C4}.Debug|Any CPU.ActiveCfg = Debug|Any CPU
		{4BE65AC1-D7AE-4A0F-8B07-469EF2E7A9C4}.Debug|Any CPU.Build.0 = Debug|Any CPU
		{4BE65AC1-D7AE-4A0F-8B07-469EF2E7A9C4}.Debug|x64.ActiveCfg = Debug|Any CPU
		{4BE65AC1-D7AE-4A0F-8B07-469EF2E7A9C4}.Debug|x64.Build.0 = Debug|Any CPU
		{4BE65AC1-D7AE-4A0F-8B07-469EF2E7A9C4}.Debug|x86.ActiveCfg = Debug|Any CPU
		{4BE65AC1-D7AE-4A0F-8B07-469EF2E7A9C4}.Debug|x86.Build.0 = Debug|Any CPU
		{4BE65AC1-D7AE-4A0F-8B07-469EF2E7A9C4}.Release|Any CPU.ActiveCfg = Release|Any CPU
		{4BE65AC1-D7AE-4A0F-8B07-469EF2E7A9C4}.Release|Any CPU.Build.0 = Release|Any CPU
		{4BE65AC1-D7AE-4A0F-8B07-469EF2E7A9C4}.Release|x64.ActiveCfg = Release|Any CPU
		{4BE65AC1-D7AE-4A0F-8B07-469EF2E7A9C4}.Release|x64.Build.0 = Release|Any CPU
		{4BE65AC1-D7AE-4A0F-8B07-469EF2E7A9C4}.Release|x86.ActiveCfg = Release|Any CPU
		{4BE65AC1-D7AE-4A0F-8B07-469EF2E7A9C4}.Release|x86.Build.0 = Release|Any CPU
		{0CBD590D-895C-4CBE-9AD8-90C76F270104}.Debug|Any CPU.ActiveCfg = Debug|Any CPU
		{0CBD590D-895C-4CBE-9AD8-90C76F270104}.Debug|Any CPU.Build.0 = Debug|Any CPU
		{0CBD590D-895C-4CBE-9AD8-90C76F270104}.Debug|x64.ActiveCfg = Debug|Any CPU
		{0CBD590D-895C-4CBE-9AD8-90C76F270104}.Debug|x64.Build.0 = Debug|Any CPU
		{0CBD590D-895C-4CBE-9AD8-90C76F270104}.Debug|x86.ActiveCfg = Debug|Any CPU
		{0CBD590D-895C-4CBE-9AD8-90C76F270104}.Debug|x86.Build.0 = Debug|Any CPU
		{0CBD590D-895C-4CBE-9AD8-90C76F270104}.Release|Any CPU.ActiveCfg = Release|Any CPU
		{0CBD590D-895C-4CBE-9AD8-90C76F270104}.Release|Any CPU.Build.0 = Release|Any CPU
		{0CBD590D-895C-4CBE-9AD8-90C76F270104}.Release|x64.ActiveCfg = Release|Any CPU
		{0CBD590D-895C-4CBE-9AD8-90C76F270104}.Release|x64.Build.0 = Release|Any CPU
		{0CBD590D-895C-4CBE-9AD8-90C76F270104}.Release|x86.ActiveCfg = Release|Any CPU
		{0CBD590D-895C-4CBE-9AD8-90C76F270104}.Release|x86.Build.0 = Release|Any CPU
		{D1CB9819-6555-4837-88E0-260DF96A3AC5}.Debug|Any CPU.ActiveCfg = Debug|Any CPU
		{D1CB9819-6555-4837-88E0-260DF96A3AC5}.Debug|Any CPU.Build.0 = Debug|Any CPU
		{D1CB9819-6555-4837-88E0-260DF96A3AC5}.Debug|x64.ActiveCfg = Debug|Any CPU
		{D1CB9819-6555-4837-88E0-260DF96A3AC5}.Debug|x64.Build.0 = Debug|Any CPU
		{D1CB9819-6555-4837-88E0-260DF96A3AC5}.Debug|x86.ActiveCfg = Debug|Any CPU
		{D1CB9819-6555-4837-88E0-260DF96A3AC5}.Debug|x86.Build.0 = Debug|Any CPU
		{D1CB9819-6555-4837-88E0-260DF96A3AC5}.Release|Any CPU.ActiveCfg = Release|Any CPU
		{D1CB9819-6555-4837-88E0-260DF96A3AC5}.Release|Any CPU.Build.0 = Release|Any CPU
		{D1CB9819-6555-4837-88E0-260DF96A3AC5}.Release|x64.ActiveCfg = Release|Any CPU
		{D1CB9819-6555-4837-88E0-260DF96A3AC5}.Release|x64.Build.0 = Release|Any CPU
		{D1CB9819-6555-4837-88E0-260DF96A3AC5}.Release|x86.ActiveCfg = Release|Any CPU
		{D1CB9819-6555-4837-88E0-260DF96A3AC5}.Release|x86.Build.0 = Release|Any CPU
		{5D88710C-6519-43FB-B532-03407DD7235B}.Debug|Any CPU.ActiveCfg = Debug|Any CPU
		{5D88710C-6519-43FB-B532-03407DD7235B}.Debug|Any CPU.Build.0 = Debug|Any CPU
		{5D88710C-6519-43FB-B532-03407DD7235B}.Debug|x64.ActiveCfg = Debug|Any CPU
		{5D88710C-6519-43FB-B532-03407DD7235B}.Debug|x64.Build.0 = Debug|Any CPU
		{5D88710C-6519-43FB-B532-03407DD7235B}.Debug|x86.ActiveCfg = Debug|Any CPU
		{5D88710C-6519-43FB-B532-03407DD7235B}.Debug|x86.Build.0 = Debug|Any CPU
		{5D88710C-6519-43FB-B532-03407DD7235B}.Release|Any CPU.ActiveCfg = Release|Any CPU
		{5D88710C-6519-43FB-B532-03407DD7235B}.Release|Any CPU.Build.0 = Release|Any CPU
		{5D88710C-6519-43FB-B532-03407DD7235B}.Release|x64.ActiveCfg = Release|Any CPU
		{5D88710C-6519-43FB-B532-03407DD7235B}.Release|x64.Build.0 = Release|Any CPU
		{5D88710C-6519-43FB-B532-03407DD7235B}.Release|x86.ActiveCfg = Release|Any CPU
		{5D88710C-6519-43FB-B532-03407DD7235B}.Release|x86.Build.0 = Release|Any CPU
		{33603052-4645-4895-B4C4-00544AC9B848}.Debug|Any CPU.ActiveCfg = Debug|Any CPU
		{33603052-4645-4895-B4C4-00544AC9B848}.Debug|Any CPU.Build.0 = Debug|Any CPU
		{33603052-4645-4895-B4C4-00544AC9B848}.Debug|x64.ActiveCfg = Debug|Any CPU
		{33603052-4645-4895-B4C4-00544AC9B848}.Debug|x64.Build.0 = Debug|Any CPU
		{33603052-4645-4895-B4C4-00544AC9B848}.Debug|x86.ActiveCfg = Debug|Any CPU
		{33603052-4645-4895-B4C4-00544AC9B848}.Debug|x86.Build.0 = Debug|Any CPU
		{33603052-4645-4895-B4C4-00544AC9B848}.Release|Any CPU.ActiveCfg = Release|Any CPU
		{33603052-4645-4895-B4C4-00544AC9B848}.Release|Any CPU.Build.0 = Release|Any CPU
		{33603052-4645-4895-B4C4-00544AC9B848}.Release|x64.ActiveCfg = Release|Any CPU
		{33603052-4645-4895-B4C4-00544AC9B848}.Release|x64.Build.0 = Release|Any CPU
		{33603052-4645-4895-B4C4-00544AC9B848}.Release|x86.ActiveCfg = Release|Any CPU
		{33603052-4645-4895-B4C4-00544AC9B848}.Release|x86.Build.0 = Release|Any CPU
		{634BF613-5195-47E1-BF74-7018F357496E}.Debug|Any CPU.ActiveCfg = Debug|Any CPU
		{634BF613-5195-47E1-BF74-7018F357496E}.Debug|Any CPU.Build.0 = Debug|Any CPU
		{634BF613-5195-47E1-BF74-7018F357496E}.Debug|x64.ActiveCfg = Debug|Any CPU
		{634BF613-5195-47E1-BF74-7018F357496E}.Debug|x64.Build.0 = Debug|Any CPU
		{634BF613-5195-47E1-BF74-7018F357496E}.Debug|x86.ActiveCfg = Debug|Any CPU
		{634BF613-5195-47E1-BF74-7018F357496E}.Debug|x86.Build.0 = Debug|Any CPU
		{634BF613-5195-47E1-BF74-7018F357496E}.Release|Any CPU.ActiveCfg = Release|Any CPU
		{634BF613-5195-47E1-BF74-7018F357496E}.Release|Any CPU.Build.0 = Release|Any CPU
		{634BF613-5195-47E1-BF74-7018F357496E}.Release|x64.ActiveCfg = Release|Any CPU
		{634BF613-5195-47E1-BF74-7018F357496E}.Release|x64.Build.0 = Release|Any CPU
		{634BF613-5195-47E1-BF74-7018F357496E}.Release|x86.ActiveCfg = Release|Any CPU
		{634BF613-5195-47E1-BF74-7018F357496E}.Release|x86.Build.0 = Release|Any CPU
		{0FCB8B35-E9B6-4622-84F4-A30232926F27}.Debug|Any CPU.ActiveCfg = Debug|Any CPU
		{0FCB8B35-E9B6-4622-84F4-A30232926F27}.Debug|Any CPU.Build.0 = Debug|Any CPU
		{0FCB8B35-E9B6-4622-84F4-A30232926F27}.Debug|x64.ActiveCfg = Debug|Any CPU
		{0FCB8B35-E9B6-4622-84F4-A30232926F27}.Debug|x64.Build.0 = Debug|Any CPU
		{0FCB8B35-E9B6-4622-84F4-A30232926F27}.Debug|x86.ActiveCfg = Debug|Any CPU
		{0FCB8B35-E9B6-4622-84F4-A30232926F27}.Debug|x86.Build.0 = Debug|Any CPU
		{0FCB8B35-E9B6-4622-84F4-A30232926F27}.Release|Any CPU.ActiveCfg = Release|Any CPU
		{0FCB8B35-E9B6-4622-84F4-A30232926F27}.Release|Any CPU.Build.0 = Release|Any CPU
		{0FCB8B35-E9B6-4622-84F4-A30232926F27}.Release|x64.ActiveCfg = Release|Any CPU
		{0FCB8B35-E9B6-4622-84F4-A30232926F27}.Release|x64.Build.0 = Release|Any CPU
		{0FCB8B35-E9B6-4622-84F4-A30232926F27}.Release|x86.ActiveCfg = Release|Any CPU
		{0FCB8B35-E9B6-4622-84F4-A30232926F27}.Release|x86.Build.0 = Release|Any CPU
		{180FD9BF-3601-445F-9914-ECFACD8EE15B}.Debug|Any CPU.ActiveCfg = Debug|Any CPU
		{180FD9BF-3601-445F-9914-ECFACD8EE15B}.Debug|Any CPU.Build.0 = Debug|Any CPU
		{180FD9BF-3601-445F-9914-ECFACD8EE15B}.Debug|x64.ActiveCfg = Debug|Any CPU
		{180FD9BF-3601-445F-9914-ECFACD8EE15B}.Debug|x64.Build.0 = Debug|Any CPU
		{180FD9BF-3601-445F-9914-ECFACD8EE15B}.Debug|x86.ActiveCfg = Debug|Any CPU
		{180FD9BF-3601-445F-9914-ECFACD8EE15B}.Debug|x86.Build.0 = Debug|Any CPU
		{180FD9BF-3601-445F-9914-ECFACD8EE15B}.Release|Any CPU.ActiveCfg = Release|Any CPU
		{180FD9BF-3601-445F-9914-ECFACD8EE15B}.Release|Any CPU.Build.0 = Release|Any CPU
		{180FD9BF-3601-445F-9914-ECFACD8EE15B}.Release|x64.ActiveCfg = Release|Any CPU
		{180FD9BF-3601-445F-9914-ECFACD8EE15B}.Release|x64.Build.0 = Release|Any CPU
		{180FD9BF-3601-445F-9914-ECFACD8EE15B}.Release|x86.ActiveCfg = Release|Any CPU
		{180FD9BF-3601-445F-9914-ECFACD8EE15B}.Release|x86.Build.0 = Release|Any CPU
		{FE438FAB-D623-44E2-A811-98954151BC95}.Debug|Any CPU.ActiveCfg = Debug|Any CPU
		{FE438FAB-D623-44E2-A811-98954151BC95}.Debug|Any CPU.Build.0 = Debug|Any CPU
		{FE438FAB-D623-44E2-A811-98954151BC95}.Debug|x64.ActiveCfg = Debug|Any CPU
		{FE438FAB-D623-44E2-A811-98954151BC95}.Debug|x64.Build.0 = Debug|Any CPU
		{FE438FAB-D623-44E2-A811-98954151BC95}.Debug|x86.ActiveCfg = Debug|Any CPU
		{FE438FAB-D623-44E2-A811-98954151BC95}.Debug|x86.Build.0 = Debug|Any CPU
		{FE438FAB-D623-44E2-A811-98954151BC95}.Release|Any CPU.ActiveCfg = Release|Any CPU
		{FE438FAB-D623-44E2-A811-98954151BC95}.Release|Any CPU.Build.0 = Release|Any CPU
		{FE438FAB-D623-44E2-A811-98954151BC95}.Release|x64.ActiveCfg = Release|Any CPU
		{FE438FAB-D623-44E2-A811-98954151BC95}.Release|x64.Build.0 = Release|Any CPU
		{FE438FAB-D623-44E2-A811-98954151BC95}.Release|x86.ActiveCfg = Release|Any CPU
		{FE438FAB-D623-44E2-A811-98954151BC95}.Release|x86.Build.0 = Release|Any CPU
		{26B63326-C08C-466D-B6DE-77B373A0ADD4}.Debug|Any CPU.ActiveCfg = Debug|Any CPU
		{26B63326-C08C-466D-B6DE-77B373A0ADD4}.Debug|Any CPU.Build.0 = Debug|Any CPU
		{26B63326-C08C-466D-B6DE-77B373A0ADD4}.Debug|x64.ActiveCfg = Debug|Any CPU
		{26B63326-C08C-466D-B6DE-77B373A0ADD4}.Debug|x64.Build.0 = Debug|Any CPU
		{26B63326-C08C-466D-B6DE-77B373A0ADD4}.Debug|x86.ActiveCfg = Debug|Any CPU
		{26B63326-C08C-466D-B6DE-77B373A0ADD4}.Debug|x86.Build.0 = Debug|Any CPU
		{26B63326-C08C-466D-B6DE-77B373A0ADD4}.Release|Any CPU.ActiveCfg = Release|Any CPU
		{26B63326-C08C-466D-B6DE-77B373A0ADD4}.Release|Any CPU.Build.0 = Release|Any CPU
		{26B63326-C08C-466D-B6DE-77B373A0ADD4}.Release|x64.ActiveCfg = Release|Any CPU
		{26B63326-C08C-466D-B6DE-77B373A0ADD4}.Release|x64.Build.0 = Release|Any CPU
		{26B63326-C08C-466D-B6DE-77B373A0ADD4}.Release|x86.ActiveCfg = Release|Any CPU
		{26B63326-C08C-466D-B6DE-77B373A0ADD4}.Release|x86.Build.0 = Release|Any CPU
		{3D6A897B-ED4E-4EA6-B998-F86B88B8A68A}.Debug|Any CPU.ActiveCfg = Debug|Any CPU
		{3D6A897B-ED4E-4EA6-B998-F86B88B8A68A}.Debug|Any CPU.Build.0 = Debug|Any CPU
		{3D6A897B-ED4E-4EA6-B998-F86B88B8A68A}.Debug|x64.ActiveCfg = Debug|Any CPU
		{3D6A897B-ED4E-4EA6-B998-F86B88B8A68A}.Debug|x64.Build.0 = Debug|Any CPU
		{3D6A897B-ED4E-4EA6-B998-F86B88B8A68A}.Debug|x86.ActiveCfg = Debug|Any CPU
		{3D6A897B-ED4E-4EA6-B998-F86B88B8A68A}.Debug|x86.Build.0 = Debug|Any CPU
		{3D6A897B-ED4E-4EA6-B998-F86B88B8A68A}.Release|Any CPU.ActiveCfg = Release|Any CPU
		{3D6A897B-ED4E-4EA6-B998-F86B88B8A68A}.Release|Any CPU.Build.0 = Release|Any CPU
		{3D6A897B-ED4E-4EA6-B998-F86B88B8A68A}.Release|x64.ActiveCfg = Release|Any CPU
		{3D6A897B-ED4E-4EA6-B998-F86B88B8A68A}.Release|x64.Build.0 = Release|Any CPU
		{3D6A897B-ED4E-4EA6-B998-F86B88B8A68A}.Release|x86.ActiveCfg = Release|Any CPU
		{3D6A897B-ED4E-4EA6-B998-F86B88B8A68A}.Release|x86.Build.0 = Release|Any CPU
		{F1AE49DC-0579-45C6-ADC6-6E37FC5980E1}.Debug|Any CPU.ActiveCfg = Debug|Any CPU
		{F1AE49DC-0579-45C6-ADC6-6E37FC5980E1}.Debug|Any CPU.Build.0 = Debug|Any CPU
		{F1AE49DC-0579-45C6-ADC6-6E37FC5980E1}.Debug|x64.ActiveCfg = Debug|Any CPU
		{F1AE49DC-0579-45C6-ADC6-6E37FC5980E1}.Debug|x64.Build.0 = Debug|Any CPU
		{F1AE49DC-0579-45C6-ADC6-6E37FC5980E1}.Debug|x86.ActiveCfg = Debug|Any CPU
		{F1AE49DC-0579-45C6-ADC6-6E37FC5980E1}.Debug|x86.Build.0 = Debug|Any CPU
		{F1AE49DC-0579-45C6-ADC6-6E37FC5980E1}.Release|Any CPU.ActiveCfg = Release|Any CPU
		{F1AE49DC-0579-45C6-ADC6-6E37FC5980E1}.Release|Any CPU.Build.0 = Release|Any CPU
		{F1AE49DC-0579-45C6-ADC6-6E37FC5980E1}.Release|x64.ActiveCfg = Release|Any CPU
		{F1AE49DC-0579-45C6-ADC6-6E37FC5980E1}.Release|x64.Build.0 = Release|Any CPU
		{F1AE49DC-0579-45C6-ADC6-6E37FC5980E1}.Release|x86.ActiveCfg = Release|Any CPU
		{F1AE49DC-0579-45C6-ADC6-6E37FC5980E1}.Release|x86.Build.0 = Release|Any CPU
		{AABC422E-47F7-4E54-8954-9CE08B0FFDB7}.Debug|Any CPU.ActiveCfg = Debug|Any CPU
		{AABC422E-47F7-4E54-8954-9CE08B0FFDB7}.Debug|Any CPU.Build.0 = Debug|Any CPU
		{AABC422E-47F7-4E54-8954-9CE08B0FFDB7}.Debug|x64.ActiveCfg = Debug|Any CPU
		{AABC422E-47F7-4E54-8954-9CE08B0FFDB7}.Debug|x64.Build.0 = Debug|Any CPU
		{AABC422E-47F7-4E54-8954-9CE08B0FFDB7}.Debug|x86.ActiveCfg = Debug|Any CPU
		{AABC422E-47F7-4E54-8954-9CE08B0FFDB7}.Debug|x86.Build.0 = Debug|Any CPU
		{AABC422E-47F7-4E54-8954-9CE08B0FFDB7}.Release|Any CPU.ActiveCfg = Release|Any CPU
		{AABC422E-47F7-4E54-8954-9CE08B0FFDB7}.Release|Any CPU.Build.0 = Release|Any CPU
		{AABC422E-47F7-4E54-8954-9CE08B0FFDB7}.Release|x64.ActiveCfg = Release|Any CPU
		{AABC422E-47F7-4E54-8954-9CE08B0FFDB7}.Release|x64.Build.0 = Release|Any CPU
		{AABC422E-47F7-4E54-8954-9CE08B0FFDB7}.Release|x86.ActiveCfg = Release|Any CPU
		{AABC422E-47F7-4E54-8954-9CE08B0FFDB7}.Release|x86.Build.0 = Release|Any CPU
		{3C286382-6040-4450-ADCD-B46B08F40E5D}.Debug|Any CPU.ActiveCfg = Debug|Any CPU
		{3C286382-6040-4450-ADCD-B46B08F40E5D}.Debug|Any CPU.Build.0 = Debug|Any CPU
		{3C286382-6040-4450-ADCD-B46B08F40E5D}.Debug|x64.ActiveCfg = Debug|Any CPU
		{3C286382-6040-4450-ADCD-B46B08F40E5D}.Debug|x64.Build.0 = Debug|Any CPU
		{3C286382-6040-4450-ADCD-B46B08F40E5D}.Debug|x86.ActiveCfg = Debug|Any CPU
		{3C286382-6040-4450-ADCD-B46B08F40E5D}.Debug|x86.Build.0 = Debug|Any CPU
		{3C286382-6040-4450-ADCD-B46B08F40E5D}.Release|Any CPU.ActiveCfg = Release|Any CPU
		{3C286382-6040-4450-ADCD-B46B08F40E5D}.Release|Any CPU.Build.0 = Release|Any CPU
		{3C286382-6040-4450-ADCD-B46B08F40E5D}.Release|x64.ActiveCfg = Release|Any CPU
		{3C286382-6040-4450-ADCD-B46B08F40E5D}.Release|x64.Build.0 = Release|Any CPU
		{3C286382-6040-4450-ADCD-B46B08F40E5D}.Release|x86.ActiveCfg = Release|Any CPU
		{3C286382-6040-4450-ADCD-B46B08F40E5D}.Release|x86.Build.0 = Release|Any CPU
		{6F822E06-B59D-42A9-87FF-0D00D12A9A62}.Debug|Any CPU.ActiveCfg = Debug|Any CPU
		{6F822E06-B59D-42A9-87FF-0D00D12A9A62}.Debug|Any CPU.Build.0 = Debug|Any CPU
		{6F822E06-B59D-42A9-87FF-0D00D12A9A62}.Debug|x64.ActiveCfg = Debug|Any CPU
		{6F822E06-B59D-42A9-87FF-0D00D12A9A62}.Debug|x64.Build.0 = Debug|Any CPU
		{6F822E06-B59D-42A9-87FF-0D00D12A9A62}.Debug|x86.ActiveCfg = Debug|Any CPU
		{6F822E06-B59D-42A9-87FF-0D00D12A9A62}.Debug|x86.Build.0 = Debug|Any CPU
		{6F822E06-B59D-42A9-87FF-0D00D12A9A62}.Release|Any CPU.ActiveCfg = Release|Any CPU
		{6F822E06-B59D-42A9-87FF-0D00D12A9A62}.Release|Any CPU.Build.0 = Release|Any CPU
		{6F822E06-B59D-42A9-87FF-0D00D12A9A62}.Release|x64.ActiveCfg = Release|Any CPU
		{6F822E06-B59D-42A9-87FF-0D00D12A9A62}.Release|x64.Build.0 = Release|Any CPU
		{6F822E06-B59D-42A9-87FF-0D00D12A9A62}.Release|x86.ActiveCfg = Release|Any CPU
		{6F822E06-B59D-42A9-87FF-0D00D12A9A62}.Release|x86.Build.0 = Release|Any CPU
		{9E459D92-297D-4CC9-B67E-26378833240F}.Debug|Any CPU.ActiveCfg = Debug|Any CPU
		{9E459D92-297D-4CC9-B67E-26378833240F}.Debug|Any CPU.Build.0 = Debug|Any CPU
		{9E459D92-297D-4CC9-B67E-26378833240F}.Debug|x64.ActiveCfg = Debug|Any CPU
		{9E459D92-297D-4CC9-B67E-26378833240F}.Debug|x64.Build.0 = Debug|Any CPU
		{9E459D92-297D-4CC9-B67E-26378833240F}.Debug|x86.ActiveCfg = Debug|Any CPU
		{9E459D92-297D-4CC9-B67E-26378833240F}.Debug|x86.Build.0 = Debug|Any CPU
		{9E459D92-297D-4CC9-B67E-26378833240F}.Release|Any CPU.ActiveCfg = Release|Any CPU
		{9E459D92-297D-4CC9-B67E-26378833240F}.Release|Any CPU.Build.0 = Release|Any CPU
		{9E459D92-297D-4CC9-B67E-26378833240F}.Release|x64.ActiveCfg = Release|Any CPU
		{9E459D92-297D-4CC9-B67E-26378833240F}.Release|x64.Build.0 = Release|Any CPU
		{9E459D92-297D-4CC9-B67E-26378833240F}.Release|x86.ActiveCfg = Release|Any CPU
		{9E459D92-297D-4CC9-B67E-26378833240F}.Release|x86.Build.0 = Release|Any CPU
		{DEE2B570-74AC-4CA5-B9F1-F2F05CCE5724}.Debug|Any CPU.ActiveCfg = Debug|Any CPU
		{DEE2B570-74AC-4CA5-B9F1-F2F05CCE5724}.Debug|Any CPU.Build.0 = Debug|Any CPU
		{DEE2B570-74AC-4CA5-B9F1-F2F05CCE5724}.Debug|x64.ActiveCfg = Debug|Any CPU
		{DEE2B570-74AC-4CA5-B9F1-F2F05CCE5724}.Debug|x64.Build.0 = Debug|Any CPU
		{DEE2B570-74AC-4CA5-B9F1-F2F05CCE5724}.Debug|x86.ActiveCfg = Debug|Any CPU
		{DEE2B570-74AC-4CA5-B9F1-F2F05CCE5724}.Debug|x86.Build.0 = Debug|Any CPU
		{DEE2B570-74AC-4CA5-B9F1-F2F05CCE5724}.Release|Any CPU.ActiveCfg = Release|Any CPU
		{DEE2B570-74AC-4CA5-B9F1-F2F05CCE5724}.Release|Any CPU.Build.0 = Release|Any CPU
		{DEE2B570-74AC-4CA5-B9F1-F2F05CCE5724}.Release|x64.ActiveCfg = Release|Any CPU
		{DEE2B570-74AC-4CA5-B9F1-F2F05CCE5724}.Release|x64.Build.0 = Release|Any CPU
		{DEE2B570-74AC-4CA5-B9F1-F2F05CCE5724}.Release|x86.ActiveCfg = Release|Any CPU
		{DEE2B570-74AC-4CA5-B9F1-F2F05CCE5724}.Release|x86.Build.0 = Release|Any CPU
	EndGlobalSection
	GlobalSection(SolutionProperties) = preSolution
		HideSolutionNode = FALSE
	EndGlobalSection
	GlobalSection(NestedProjects) = preSolution
		{797E5EEE-0F44-44F6-B02B-A995C85F632D} = {401C8120-3941-4D76-8D22-9AB5D2F26310}
		{401C8120-3941-4D76-8D22-9AB5D2F26310} = {A77B83A7-E70B-4A2A-B772-0553D3104B98}
		{6366411D-8149-4194-A70F-D59843065948} = {A77B83A7-E70B-4A2A-B772-0553D3104B98}
		{965E7839-ACC8-4112-9D26-48BDA18D090C} = {6366411D-8149-4194-A70F-D59843065948}
		{E3C1562E-3919-4F07-B9C5-85867B4C8930} = {6366411D-8149-4194-A70F-D59843065948}
		{4492EC2C-0538-4FEC-B3EA-EF735EE25873} = {6366411D-8149-4194-A70F-D59843065948}
		{C85E7C8B-EB01-489B-BEE0-CE20E2269826} = {6366411D-8149-4194-A70F-D59843065948}
		{85870805-3043-4781-89A6-5D6A6501ED33} = {6366411D-8149-4194-A70F-D59843065948}
		{979AB51F-7979-4488-BFB2-33CA9247F7F6} = {401C8120-3941-4D76-8D22-9AB5D2F26310}
		{EDB4A358-B951-4F05-B0F7-0C14C9A1BD0A} = {6366411D-8149-4194-A70F-D59843065948}
		{A6F6AEF0-8DE2-4527-AE5F-745BC8AEE2A5} = {6366411D-8149-4194-A70F-D59843065948}
		{4BE65AC1-D7AE-4A0F-8B07-469EF2E7A9C4} = {6366411D-8149-4194-A70F-D59843065948}
		{0CBD590D-895C-4CBE-9AD8-90C76F270104} = {6366411D-8149-4194-A70F-D59843065948}
		{D1CB9819-6555-4837-88E0-260DF96A3AC5} = {6366411D-8149-4194-A70F-D59843065948}
		{5D88710C-6519-43FB-B532-03407DD7235B} = {A77B83A7-E70B-4A2A-B772-0553D3104B98}
		{33603052-4645-4895-B4C4-00544AC9B848} = {A77B83A7-E70B-4A2A-B772-0553D3104B98}
		{634BF613-5195-47E1-BF74-7018F357496E} = {6366411D-8149-4194-A70F-D59843065948}
		{0FCB8B35-E9B6-4622-84F4-A30232926F27} = {6366411D-8149-4194-A70F-D59843065948}
		{180FD9BF-3601-445F-9914-ECFACD8EE15B} = {A77B83A7-E70B-4A2A-B772-0553D3104B98}
		{FE438FAB-D623-44E2-A811-98954151BC95} = {A77B83A7-E70B-4A2A-B772-0553D3104B98}
		{26B63326-C08C-466D-B6DE-77B373A0ADD4} = {A77B83A7-E70B-4A2A-B772-0553D3104B98}
		{3D6A897B-ED4E-4EA6-B998-F86B88B8A68A} = {6366411D-8149-4194-A70F-D59843065948}
		{F1AE49DC-0579-45C6-ADC6-6E37FC5980E1} = {A77B83A7-E70B-4A2A-B772-0553D3104B98}
		{AABC422E-47F7-4E54-8954-9CE08B0FFDB7} = {A77B83A7-E70B-4A2A-B772-0553D3104B98}
		{3C286382-6040-4450-ADCD-B46B08F40E5D} = {6366411D-8149-4194-A70F-D59843065948}
		{6F822E06-B59D-42A9-87FF-0D00D12A9A62} = {401C8120-3941-4D76-8D22-9AB5D2F26310}
		{9E459D92-297D-4CC9-B67E-26378833240F} = {A77B83A7-E70B-4A2A-B772-0553D3104B98}
		{DEE2B570-74AC-4CA5-B9F1-F2F05CCE5724} = {A77B83A7-E70B-4A2A-B772-0553D3104B98}
	EndGlobalSection
	GlobalSection(ExtensibilityGlobals) = postSolution
		SolutionGuid = {FF16F70A-0B81-4A13-AF04-1F5F8764446B}
	EndGlobalSection
EndGlobal
